
Microsoft Visual Studio Solution File, Format Version 12.00
# Visual Studio Version 17
VisualStudioVersion = 17.6.33829.357
MinimumVisualStudioVersion = 10.0.40219.1
Project("{FAE04EC0-301F-11D3-BF4B-00C04F79EFBC}") = "Module4HW3", "Module4HW3.csproj", "{5B7E5E2B-0557-49B7-8C85-DF727A53CE23}"
EndProject
Global
	GlobalSection(SolutionConfigurationPlatforms) = preSolution
		Debug|Any CPU = Debug|Any CPU
		Release|Any CPU = Release|Any CPU
	EndGlobalSection
	GlobalSection(ProjectConfigurationPlatforms) = postSolution
		{5B7E5E2B-0557-49B7-8C85-DF727A53CE23}.Debug|Any CPU.ActiveCfg = Debug|Any CPU
		{5B7E5E2B-0557-49B7-8C85-DF727A53CE23}.Debug|Any CPU.Build.0 = Debug|Any CPU
		{5B7E5E2B-0557-49B7-8C85-DF727A53CE23}.Release|Any CPU.ActiveCfg = Release|Any CPU
		{5B7E5E2B-0557-49B7-8C85-DF727A53CE23}.Release|Any CPU.Build.0 = Release|Any CPU
	EndGlobalSection
	GlobalSection(SolutionProperties) = preSolution
		HideSolutionNode = FALSE
	EndGlobalSection
	GlobalSection(ExtensibilityGlobals) = postSolution
		SolutionGuid = {4EB8ED3C-46AE-4B23-A372-446D68745CB1}
	EndGlobalSection
EndGlobal
